
Microsoft Visual Studio Solution File, Format Version 12.00
# Visual Studio Version 16
VisualStudioVersion = 16.0.31624.102
MinimumVisualStudioVersion = 10.0.40219.1
Project("{FAE04EC0-301F-11D3-BF4B-00C04F79EFBC}") = "AdventureWorks", "AdventureWorks\AdventureWorks.csproj", "{35B1DE43-B462-4B69-8D45-F8B5A58244CE}"
EndProject
Global
	GlobalSection(SolutionConfigurationPlatforms) = preSolution
		Debug|Any CPU = Debug|Any CPU
		Release|Any CPU = Release|Any CPU
	EndGlobalSection
	GlobalSection(ProjectConfigurationPlatforms) = postSolution
		{35B1DE43-B462-4B69-8D45-F8B5A58244CE}.Debug|Any CPU.ActiveCfg = Debug|Any CPU
		{35B1DE43-B462-4B69-8D45-F8B5A58244CE}.Debug|Any CPU.Build.0 = Debug|Any CPU
		{35B1DE43-B462-4B69-8D45-F8B5A58244CE}.Release|Any CPU.ActiveCfg = Release|Any CPU
		{35B1DE43-B462-4B69-8D45-F8B5A58244CE}.Release|Any CPU.Build.0 = Release|Any CPU
	EndGlobalSection
	GlobalSection(SolutionProperties) = preSolution
		HideSolutionNode = FALSE
	EndGlobalSection
	GlobalSection(ExtensibilityGlobals) = postSolution
		SolutionGuid = {E76306EA-FDE2-4A09-94CF-3DA081507F54}
	EndGlobalSection
EndGlobal
